
Microsoft Visual Studio Solution File, Format Version 12.00
# Visual Studio 15
VisualStudioVersion = 15.0.28307.329
MinimumVisualStudioVersion = 10.0.40219.1
Project("{FAE04EC0-301F-11D3-BF4B-00C04F79EFBC}") = "PCVictorDelgado", "PCVictorDelgado\PCVictorDelgado.csproj", "{DA3184C1-F5B7-4F8E-8BBF-37A14E713303}"
EndProject
Global
	GlobalSection(SolutionConfigurationPlatforms) = preSolution
		Debug|Any CPU = Debug|Any CPU
		Release|Any CPU = Release|Any CPU
	EndGlobalSection
	GlobalSection(ProjectConfigurationPlatforms) = postSolution
		{DA3184C1-F5B7-4F8E-8BBF-37A14E713303}.Debug|Any CPU.ActiveCfg = Debug|Any CPU
		{DA3184C1-F5B7-4F8E-8BBF-37A14E713303}.Debug|Any CPU.Build.0 = Debug|Any CPU
		{DA3184C1-F5B7-4F8E-8BBF-37A14E713303}.Release|Any CPU.ActiveCfg = Release|Any CPU
		{DA3184C1-F5B7-4F8E-8BBF-37A14E713303}.Release|Any CPU.Build.0 = Release|Any CPU
	EndGlobalSection
	GlobalSection(SolutionProperties) = preSolution
		HideSolutionNode = FALSE
	EndGlobalSection
	GlobalSection(ExtensibilityGlobals) = postSolution
		SolutionGuid = {F83C94E4-9A58-40F2-B655-BB08C7E61E69}
	EndGlobalSection
EndGlobal
