
Microsoft Visual Studio Solution File, Format Version 12.00
# Visual Studio 15
VisualStudioVersion = 15.0.28307.329
MinimumVisualStudioVersion = 10.0.40219.1
Project("{FAE04EC0-301F-11D3-BF4B-00C04F79EFBC}") = "WebApplication1", "WebApplication1\WebApplication1.csproj", "{159FFE64-9A00-4530-A663-34858A968394}"
EndProject
Global
	GlobalSection(SolutionConfigurationPlatforms) = preSolution
		Debug|Any CPU = Debug|Any CPU
		Release|Any CPU = Release|Any CPU
	EndGlobalSection
	GlobalSection(ProjectConfigurationPlatforms) = postSolution
		{159FFE64-9A00-4530-A663-34858A968394}.Debug|Any CPU.ActiveCfg = Debug|Any CPU
		{159FFE64-9A00-4530-A663-34858A968394}.Debug|Any CPU.Build.0 = Debug|Any CPU
		{159FFE64-9A00-4530-A663-34858A968394}.Release|Any CPU.ActiveCfg = Release|Any CPU
		{159FFE64-9A00-4530-A663-34858A968394}.Release|Any CPU.Build.0 = Release|Any CPU
	EndGlobalSection
	GlobalSection(SolutionProperties) = preSolution
		HideSolutionNode = FALSE
	EndGlobalSection
	GlobalSection(ExtensibilityGlobals) = postSolution
		SolutionGuid = {D1E3BC51-AA1F-4F60-A360-9142545A77B2}
	EndGlobalSection
EndGlobal
